
Microsoft Visual Studio Solution File, Format Version 12.00
# Visual Studio Version 17
VisualStudioVersion = 17.2.32505.173
MinimumVisualStudioVersion = 10.0.40219.1
Project("{8BC9CEB8-8B4A-11D0-8D11-00A0C91BC942}") = "001_main", "001_main\001_main.vcxproj", "{AD8A70E6-61F9-4F61-9B85-EBAFD6BF5C0C}"
EndProject
Project("{8BC9CEB8-8B4A-11D0-8D11-00A0C91BC942}") = "002_printf", "002_printf\002_printf.vcxproj", "{B74D0635-51D8-4DB4-8C81-B8F2AA63ACA0}"
EndProject
Project("{8BC9CEB8-8B4A-11D0-8D11-00A0C91BC942}") = "003_escape", "003_escape\003_escape.vcxproj", "{CF0BC0F9-422C-40F6-940D-B27DB2279DA0}"
EndProject
Project("{8BC9CEB8-8B4A-11D0-8D11-00A0C91BC942}") = "004_format", "004_format\004_format.vcxproj", "{1E62E411-D7EF-4761-BF80-975B355ABA31}"
EndProject
Project("{8BC9CEB8-8B4A-11D0-8D11-00A0C91BC942}") = "005_variables", "004_variables\004_variables.vcxproj", "{62146EA8-AC0C-4F1E-9705-FF112661B3BF}"
EndProject
Project("{8BC9CEB8-8B4A-11D0-8D11-00A0C91BC942}") = "006_sizeof", "006_sizeof\006_sizeof.vcxproj", "{D7EAB0DC-BEAB-488E-88E3-4CD331AE63AC}"
EndProject
Project("{8BC9CEB8-8B4A-11D0-8D11-00A0C91BC942}") = "007_bool", "007_bool\007_bool.vcxproj", "{6ADEBBB9-9808-468B-B489-8280B1A81379}"
EndProject
Project("{8BC9CEB8-8B4A-11D0-8D11-00A0C91BC942}") = "008_scanf", "008_scanf\008_scanf.vcxproj", "{DD12703A-F3B0-461F-87CD-281F3206FEE7}"
EndProject
Project("{8BC9CEB8-8B4A-11D0-8D11-00A0C91BC942}") = "009_getchar", "009_getchar\009_getchar.vcxproj", "{62E73C78-142B-4DA6-9D4C-D633727AACDD}"
EndProject
Project("{8BC9CEB8-8B4A-11D0-8D11-00A0C91BC942}") = "010_buffering", "010_buffering\010_buffering.vcxproj", "{B00D2348-162C-4C00-A638-CEED2E723301}"
EndProject
Project("{8BC9CEB8-8B4A-11D0-8D11-00A0C91BC942}") = "011_format", "011_format\011_format.vcxproj", "{F950D457-A47B-4FD8-B2CC-F8AEA6EA6C97}"
EndProject
Project("{8BC9CEB8-8B4A-11D0-8D11-00A0C91BC942}") = "012_format", "012_format\012_format.vcxproj", "{9B8C3D8E-2D1E-45A2-8032-DDFCFD21D349}"
EndProject
Project("{8BC9CEB8-8B4A-11D0-8D11-00A0C91BC942}") = "013_score", "013_score\013_score.vcxproj", "{B9E2ACF9-57DF-4599-84BD-2CBC7B9B6A7E}"
EndProject
Project("{8BC9CEB8-8B4A-11D0-8D11-00A0C91BC942}") = "014_octalHexadecimal", "014_octalHexadecimal\014_octalHexadecimal.vcxproj", "{6991B116-D770-44F4-8612-CEF682C56A90}"
EndProject
Project("{8BC9CEB8-8B4A-11D0-8D11-00A0C91BC942}") = "015_attendance", "015_attendance\015_attendance.vcxproj", "{539460B0-E5CA-41F8-A614-19CC9D225B2F}"
EndProject
Project("{8BC9CEB8-8B4A-11D0-8D11-00A0C91BC942}") = "016_conditionalOp", "016_conditionalOp\016_conditionalOp.vcxproj", "{6278A607-1210-44DB-B6E6-AD1397A79E37}"
EndProject
Project("{8BC9CEB8-8B4A-11D0-8D11-00A0C91BC942}") = "017_relationOp", "017_relationOp\017_relationOp.vcxproj", "{CDEFC64A-D296-43D4-B7F5-81EB7A57779F}"
EndProject
Project("{8BC9CEB8-8B4A-11D0-8D11-00A0C91BC942}") = "018_logicalOp", "018_logicalOp\018_logicalOp.vcxproj", "{EBDC0393-0C08-4AC9-9FE4-3699AAC7CFFD}"
EndProject
Project("{8BC9CEB8-8B4A-11D0-8D11-00A0C91BC942}") = "019_string", "019_string\019_string.vcxproj", "{9EDFA9D9-95D7-417C-B881-977D29E8FDF8}"
EndProject
Project("{8BC9CEB8-8B4A-11D0-8D11-00A0C91BC942}") = "020_stringScanf", "020_string\020_string.vcxproj", "{4536A998-B13F-4C33-BB7B-6B63853A8FCF}"
EndProject
Project("{8BC9CEB8-8B4A-11D0-8D11-00A0C91BC942}") = "021_fgets", "021_fgets\021_fgets.vcxproj", "{71BE8D06-7F0F-43B2-96A2-A6E8E8A13574}"
EndProject
Project("{8BC9CEB8-8B4A-11D0-8D11-00A0C91BC942}") = "022_infoPrint", "022_infoPrint\022_infoPrint.vcxproj", "{F0646DB6-39E4-4A74-9E10-F64F228EA477}"
EndProject
Project("{8BC9CEB8-8B4A-11D0-8D11-00A0C91BC942}") = "023_if", "023_if\023_if.vcxproj", "{D93B314C-F578-4D0C-BCAB-10BF8017EF73}"
EndProject
Project("{8BC9CEB8-8B4A-11D0-8D11-00A0C91BC942}") = "024_oddEven", "024_oddEven\024_oddEven.vcxproj", "{7AE7215F-0144-401B-8228-05310AF701CD}"
EndProject
Global
	GlobalSection(SolutionConfigurationPlatforms) = preSolution
		Debug|x64 = Debug|x64
		Debug|x86 = Debug|x86
		Release|x64 = Release|x64
		Release|x86 = Release|x86
	EndGlobalSection
	GlobalSection(ProjectConfigurationPlatforms) = postSolution
		{AD8A70E6-61F9-4F61-9B85-EBAFD6BF5C0C}.Debug|x64.ActiveCfg = Debug|x64
		{AD8A70E6-61F9-4F61-9B85-EBAFD6BF5C0C}.Debug|x64.Build.0 = Debug|x64
		{AD8A70E6-61F9-4F61-9B85-EBAFD6BF5C0C}.Debug|x86.ActiveCfg = Debug|Win32
		{AD8A70E6-61F9-4F61-9B85-EBAFD6BF5C0C}.Debug|x86.Build.0 = Debug|Win32
		{AD8A70E6-61F9-4F61-9B85-EBAFD6BF5C0C}.Release|x64.ActiveCfg = Release|x64
		{AD8A70E6-61F9-4F61-9B85-EBAFD6BF5C0C}.Release|x64.Build.0 = Release|x64
		{AD8A70E6-61F9-4F61-9B85-EBAFD6BF5C0C}.Release|x86.ActiveCfg = Release|Win32
		{AD8A70E6-61F9-4F61-9B85-EBAFD6BF5C0C}.Release|x86.Build.0 = Release|Win32
		{B74D0635-51D8-4DB4-8C81-B8F2AA63ACA0}.Debug|x64.ActiveCfg = Debug|x64
		{B74D0635-51D8-4DB4-8C81-B8F2AA63ACA0}.Debug|x64.Build.0 = Debug|x64
		{B74D0635-51D8-4DB4-8C81-B8F2AA63ACA0}.Debug|x86.ActiveCfg = Debug|Win32
		{B74D0635-51D8-4DB4-8C81-B8F2AA63ACA0}.Debug|x86.Build.0 = Debug|Win32
		{B74D0635-51D8-4DB4-8C81-B8F2AA63ACA0}.Release|x64.ActiveCfg = Release|x64
		{B74D0635-51D8-4DB4-8C81-B8F2AA63ACA0}.Release|x64.Build.0 = Release|x64
		{B74D0635-51D8-4DB4-8C81-B8F2AA63ACA0}.Release|x86.ActiveCfg = Release|Win32
		{B74D0635-51D8-4DB4-8C81-B8F2AA63ACA0}.Release|x86.Build.0 = Release|Win32
		{CF0BC0F9-422C-40F6-940D-B27DB2279DA0}.Debug|x64.ActiveCfg = Debug|x64
		{CF0BC0F9-422C-40F6-940D-B27DB2279DA0}.Debug|x64.Build.0 = Debug|x64
		{CF0BC0F9-422C-40F6-940D-B27DB2279DA0}.Debug|x86.ActiveCfg = Debug|Win32
		{CF0BC0F9-422C-40F6-940D-B27DB2279DA0}.Debug|x86.Build.0 = Debug|Win32
		{CF0BC0F9-422C-40F6-940D-B27DB2279DA0}.Release|x64.ActiveCfg = Release|x64
		{CF0BC0F9-422C-40F6-940D-B27DB2279DA0}.Release|x64.Build.0 = Release|x64
		{CF0BC0F9-422C-40F6-940D-B27DB2279DA0}.Release|x86.ActiveCfg = Release|Win32
		{CF0BC0F9-422C-40F6-940D-B27DB2279DA0}.Release|x86.Build.0 = Release|Win32
		{1E62E411-D7EF-4761-BF80-975B355ABA31}.Debug|x64.ActiveCfg = Debug|x64
		{1E62E411-D7EF-4761-BF80-975B355ABA31}.Debug|x64.Build.0 = Debug|x64
		{1E62E411-D7EF-4761-BF80-975B355ABA31}.Debug|x86.ActiveCfg = Debug|Win32
		{1E62E411-D7EF-4761-BF80-975B355ABA31}.Debug|x86.Build.0 = Debug|Win32
		{1E62E411-D7EF-4761-BF80-975B355ABA31}.Release|x64.ActiveCfg = Release|x64
		{1E62E411-D7EF-4761-BF80-975B355ABA31}.Release|x64.Build.0 = Release|x64
		{1E62E411-D7EF-4761-BF80-975B355ABA31}.Release|x86.ActiveCfg = Release|Win32
		{1E62E411-D7EF-4761-BF80-975B355ABA31}.Release|x86.Build.0 = Release|Win32
		{62146EA8-AC0C-4F1E-9705-FF112661B3BF}.Debug|x64.ActiveCfg = Debug|x64
		{62146EA8-AC0C-4F1E-9705-FF112661B3BF}.Debug|x64.Build.0 = Debug|x64
		{62146EA8-AC0C-4F1E-9705-FF112661B3BF}.Debug|x86.ActiveCfg = Debug|Win32
		{62146EA8-AC0C-4F1E-9705-FF112661B3BF}.Debug|x86.Build.0 = Debug|Win32
		{62146EA8-AC0C-4F1E-9705-FF112661B3BF}.Release|x64.ActiveCfg = Release|x64
		{62146EA8-AC0C-4F1E-9705-FF112661B3BF}.Release|x64.Build.0 = Release|x64
		{62146EA8-AC0C-4F1E-9705-FF112661B3BF}.Release|x86.ActiveCfg = Release|Win32
		{62146EA8-AC0C-4F1E-9705-FF112661B3BF}.Release|x86.Build.0 = Release|Win32
		{D7EAB0DC-BEAB-488E-88E3-4CD331AE63AC}.Debug|x64.ActiveCfg = Debug|x64
		{D7EAB0DC-BEAB-488E-88E3-4CD331AE63AC}.Debug|x64.Build.0 = Debug|x64
		{D7EAB0DC-BEAB-488E-88E3-4CD331AE63AC}.Debug|x86.ActiveCfg = Debug|Win32
		{D7EAB0DC-BEAB-488E-88E3-4CD331AE63AC}.Debug|x86.Build.0 = Debug|Win32
		{D7EAB0DC-BEAB-488E-88E3-4CD331AE63AC}.Release|x64.ActiveCfg = Release|x64
		{D7EAB0DC-BEAB-488E-88E3-4CD331AE63AC}.Release|x64.Build.0 = Release|x64
		{D7EAB0DC-BEAB-488E-88E3-4CD331AE63AC}.Release|x86.ActiveCfg = Release|Win32
		{D7EAB0DC-BEAB-488E-88E3-4CD331AE63AC}.Release|x86.Build.0 = Release|Win32
		{6ADEBBB9-9808-468B-B489-8280B1A81379}.Debug|x64.ActiveCfg = Debug|x64
		{6ADEBBB9-9808-468B-B489-8280B1A81379}.Debug|x64.Build.0 = Debug|x64
		{6ADEBBB9-9808-468B-B489-8280B1A81379}.Debug|x86.ActiveCfg = Debug|Win32
		{6ADEBBB9-9808-468B-B489-8280B1A81379}.Debug|x86.Build.0 = Debug|Win32
		{6ADEBBB9-9808-468B-B489-8280B1A81379}.Release|x64.ActiveCfg = Release|x64
		{6ADEBBB9-9808-468B-B489-8280B1A81379}.Release|x64.Build.0 = Release|x64
		{6ADEBBB9-9808-468B-B489-8280B1A81379}.Release|x86.ActiveCfg = Release|Win32
		{6ADEBBB9-9808-468B-B489-8280B1A81379}.Release|x86.Build.0 = Release|Win32
		{DD12703A-F3B0-461F-87CD-281F3206FEE7}.Debug|x64.ActiveCfg = Debug|x64
		{DD12703A-F3B0-461F-87CD-281F3206FEE7}.Debug|x64.Build.0 = Debug|x64
		{DD12703A-F3B0-461F-87CD-281F3206FEE7}.Debug|x86.ActiveCfg = Debug|Win32
		{DD12703A-F3B0-461F-87CD-281F3206FEE7}.Debug|x86.Build.0 = Debug|Win32
		{DD12703A-F3B0-461F-87CD-281F3206FEE7}.Release|x64.ActiveCfg = Release|x64
		{DD12703A-F3B0-461F-87CD-281F3206FEE7}.Release|x64.Build.0 = Release|x64
		{DD12703A-F3B0-461F-87CD-281F3206FEE7}.Release|x86.ActiveCfg = Release|Win32
		{DD12703A-F3B0-461F-87CD-281F3206FEE7}.Release|x86.Build.0 = Release|Win32
		{62E73C78-142B-4DA6-9D4C-D633727AACDD}.Debug|x64.ActiveCfg = Debug|x64
		{62E73C78-142B-4DA6-9D4C-D633727AACDD}.Debug|x64.Build.0 = Debug|x64
		{62E73C78-142B-4DA6-9D4C-D633727AACDD}.Debug|x86.ActiveCfg = Debug|Win32
		{62E73C78-142B-4DA6-9D4C-D633727AACDD}.Debug|x86.Build.0 = Debug|Win32
		{62E73C78-142B-4DA6-9D4C-D633727AACDD}.Release|x64.ActiveCfg = Release|x64
		{62E73C78-142B-4DA6-9D4C-D633727AACDD}.Release|x64.Build.0 = Release|x64
		{62E73C78-142B-4DA6-9D4C-D633727AACDD}.Release|x86.ActiveCfg = Release|Win32
		{62E73C78-142B-4DA6-9D4C-D633727AACDD}.Release|x86.Build.0 = Release|Win32
		{B00D2348-162C-4C00-A638-CEED2E723301}.Debug|x64.ActiveCfg = Debug|x64
		{B00D2348-162C-4C00-A638-CEED2E723301}.Debug|x64.Build.0 = Debug|x64
		{B00D2348-162C-4C00-A638-CEED2E723301}.Debug|x86.ActiveCfg = Debug|Win32
		{B00D2348-162C-4C00-A638-CEED2E723301}.Debug|x86.Build.0 = Debug|Win32
		{B00D2348-162C-4C00-A638-CEED2E723301}.Release|x64.ActiveCfg = Release|x64
		{B00D2348-162C-4C00-A638-CEED2E723301}.Release|x64.Build.0 = Release|x64
		{B00D2348-162C-4C00-A638-CEED2E723301}.Release|x86.ActiveCfg = Release|Win32
		{B00D2348-162C-4C00-A638-CEED2E723301}.Release|x86.Build.0 = Release|Win32
		{F950D457-A47B-4FD8-B2CC-F8AEA6EA6C97}.Debug|x64.ActiveCfg = Debug|x64
		{F950D457-A47B-4FD8-B2CC-F8AEA6EA6C97}.Debug|x64.Build.0 = Debug|x64
		{F950D457-A47B-4FD8-B2CC-F8AEA6EA6C97}.Debug|x86.ActiveCfg = Debug|Win32
		{F950D457-A47B-4FD8-B2CC-F8AEA6EA6C97}.Debug|x86.Build.0 = Debug|Win32
		{F950D457-A47B-4FD8-B2CC-F8AEA6EA6C97}.Release|x64.ActiveCfg = Release|x64
		{F950D457-A47B-4FD8-B2CC-F8AEA6EA6C97}.Release|x64.Build.0 = Release|x64
		{F950D457-A47B-4FD8-B2CC-F8AEA6EA6C97}.Release|x86.ActiveCfg = Release|Win32
		{F950D457-A47B-4FD8-B2CC-F8AEA6EA6C97}.Release|x86.Build.0 = Release|Win32
		{9B8C3D8E-2D1E-45A2-8032-DDFCFD21D349}.Debug|x64.ActiveCfg = Debug|x64
		{9B8C3D8E-2D1E-45A2-8032-DDFCFD21D349}.Debug|x64.Build.0 = Debug|x64
		{9B8C3D8E-2D1E-45A2-8032-DDFCFD21D349}.Debug|x86.ActiveCfg = Debug|Win32
		{9B8C3D8E-2D1E-45A2-8032-DDFCFD21D349}.Debug|x86.Build.0 = Debug|Win32
		{9B8C3D8E-2D1E-45A2-8032-DDFCFD21D349}.Release|x64.ActiveCfg = Release|x64
		{9B8C3D8E-2D1E-45A2-8032-DDFCFD21D349}.Release|x64.Build.0 = Release|x64
		{9B8C3D8E-2D1E-45A2-8032-DDFCFD21D349}.Release|x86.ActiveCfg = Release|Win32
		{9B8C3D8E-2D1E-45A2-8032-DDFCFD21D349}.Release|x86.Build.0 = Release|Win32
		{B9E2ACF9-57DF-4599-84BD-2CBC7B9B6A7E}.Debug|x64.ActiveCfg = Debug|x64
		{B9E2ACF9-57DF-4599-84BD-2CBC7B9B6A7E}.Debug|x64.Build.0 = Debug|x64
		{B9E2ACF9-57DF-4599-84BD-2CBC7B9B6A7E}.Debug|x86.ActiveCfg = Debug|Win32
		{B9E2ACF9-57DF-4599-84BD-2CBC7B9B6A7E}.Debug|x86.Build.0 = Debug|Win32
		{B9E2ACF9-57DF-4599-84BD-2CBC7B9B6A7E}.Release|x64.ActiveCfg = Release|x64
		{B9E2ACF9-57DF-4599-84BD-2CBC7B9B6A7E}.Release|x64.Build.0 = Release|x64
		{B9E2ACF9-57DF-4599-84BD-2CBC7B9B6A7E}.Release|x86.ActiveCfg = Release|Win32
		{B9E2ACF9-57DF-4599-84BD-2CBC7B9B6A7E}.Release|x86.Build.0 = Release|Win32
		{6991B116-D770-44F4-8612-CEF682C56A90}.Debug|x64.ActiveCfg = Debug|x64
		{6991B116-D770-44F4-8612-CEF682C56A90}.Debug|x64.Build.0 = Debug|x64
		{6991B116-D770-44F4-8612-CEF682C56A90}.Debug|x86.ActiveCfg = Debug|Win32
		{6991B116-D770-44F4-8612-CEF682C56A90}.Debug|x86.Build.0 = Debug|Win32
		{6991B116-D770-44F4-8612-CEF682C56A90}.Release|x64.ActiveCfg = Release|x64
		{6991B116-D770-44F4-8612-CEF682C56A90}.Release|x64.Build.0 = Release|x64
		{6991B116-D770-44F4-8612-CEF682C56A90}.Release|x86.ActiveCfg = Release|Win32
		{6991B116-D770-44F4-8612-CEF682C56A90}.Release|x86.Build.0 = Release|Win32
		{539460B0-E5CA-41F8-A614-19CC9D225B2F}.Debug|x64.ActiveCfg = Debug|x64
		{539460B0-E5CA-41F8-A614-19CC9D225B2F}.Debug|x64.Build.0 = Debug|x64
		{539460B0-E5CA-41F8-A614-19CC9D225B2F}.Debug|x86.ActiveCfg = Debug|Win32
		{539460B0-E5CA-41F8-A614-19CC9D225B2F}.Debug|x86.Build.0 = Debug|Win32
		{539460B0-E5CA-41F8-A614-19CC9D225B2F}.Release|x64.ActiveCfg = Release|x64
		{539460B0-E5CA-41F8-A614-19CC9D225B2F}.Release|x64.Build.0 = Release|x64
		{539460B0-E5CA-41F8-A614-19CC9D225B2F}.Release|x86.ActiveCfg = Release|Win32
		{539460B0-E5CA-41F8-A614-19CC9D225B2F}.Release|x86.Build.0 = Release|Win32
		{6278A607-1210-44DB-B6E6-AD1397A79E37}.Debug|x64.ActiveCfg = Debug|x64
		{6278A607-1210-44DB-B6E6-AD1397A79E37}.Debug|x64.Build.0 = Debug|x64
		{6278A607-1210-44DB-B6E6-AD1397A79E37}.Debug|x86.ActiveCfg = Debug|Win32
		{6278A607-1210-44DB-B6E6-AD1397A79E37}.Debug|x86.Build.0 = Debug|Win32
		{6278A607-1210-44DB-B6E6-AD1397A79E37}.Release|x64.ActiveCfg = Release|x64
		{6278A607-1210-44DB-B6E6-AD1397A79E37}.Release|x64.Build.0 = Release|x64
		{6278A607-1210-44DB-B6E6-AD1397A79E37}.Release|x86.ActiveCfg = Release|Win32
		{6278A607-1210-44DB-B6E6-AD1397A79E37}.Release|x86.Build.0 = Release|Win32
		{CDEFC64A-D296-43D4-B7F5-81EB7A57779F}.Debug|x64.ActiveCfg = Debug|x64
		{CDEFC64A-D296-43D4-B7F5-81EB7A57779F}.Debug|x64.Build.0 = Debug|x64
		{CDEFC64A-D296-43D4-B7F5-81EB7A57779F}.Debug|x86.ActiveCfg = Debug|Win32
		{CDEFC64A-D296-43D4-B7F5-81EB7A57779F}.Debug|x86.Build.0 = Debug|Win32
		{CDEFC64A-D296-43D4-B7F5-81EB7A57779F}.Release|x64.ActiveCfg = Release|x64
		{CDEFC64A-D296-43D4-B7F5-81EB7A57779F}.Release|x64.Build.0 = Release|x64
		{CDEFC64A-D296-43D4-B7F5-81EB7A57779F}.Release|x86.ActiveCfg = Release|Win32
		{CDEFC64A-D296-43D4-B7F5-81EB7A57779F}.Release|x86.Build.0 = Release|Win32
		{EBDC0393-0C08-4AC9-9FE4-3699AAC7CFFD}.Debug|x64.ActiveCfg = Debug|x64
		{EBDC0393-0C08-4AC9-9FE4-3699AAC7CFFD}.Debug|x64.Build.0 = Debug|x64
		{EBDC0393-0C08-4AC9-9FE4-3699AAC7CFFD}.Debug|x86.ActiveCfg = Debug|Win32
		{EBDC0393-0C08-4AC9-9FE4-3699AAC7CFFD}.Debug|x86.Build.0 = Debug|Win32
		{EBDC0393-0C08-4AC9-9FE4-3699AAC7CFFD}.Release|x64.ActiveCfg = Release|x64
		{EBDC0393-0C08-4AC9-9FE4-3699AAC7CFFD}.Release|x64.Build.0 = Release|x64
		{EBDC0393-0C08-4AC9-9FE4-3699AAC7CFFD}.Release|x86.ActiveCfg = Release|Win32
		{EBDC0393-0C08-4AC9-9FE4-3699AAC7CFFD}.Release|x86.Build.0 = Release|Win32
		{9EDFA9D9-95D7-417C-B881-977D29E8FDF8}.Debug|x64.ActiveCfg = Debug|x64
		{9EDFA9D9-95D7-417C-B881-977D29E8FDF8}.Debug|x64.Build.0 = Debug|x64
		{9EDFA9D9-95D7-417C-B881-977D29E8FDF8}.Debug|x86.ActiveCfg = Debug|Win32
		{9EDFA9D9-95D7-417C-B881-977D29E8FDF8}.Debug|x86.Build.0 = Debug|Win32
		{9EDFA9D9-95D7-417C-B881-977D29E8FDF8}.Release|x64.ActiveCfg = Release|x64
		{9EDFA9D9-95D7-417C-B881-977D29E8FDF8}.Release|x64.Build.0 = Release|x64
		{9EDFA9D9-95D7-417C-B881-977D29E8FDF8}.Release|x86.ActiveCfg = Release|Win32
		{9EDFA9D9-95D7-417C-B881-977D29E8FDF8}.Release|x86.Build.0 = Release|Win32
		{4536A998-B13F-4C33-BB7B-6B63853A8FCF}.Debug|x64.ActiveCfg = Debug|x64
		{4536A998-B13F-4C33-BB7B-6B63853A8FCF}.Debug|x64.Build.0 = Debug|x64
		{4536A998-B13F-4C33-BB7B-6B63853A8FCF}.Debug|x86.ActiveCfg = Debug|Win32
		{4536A998-B13F-4C33-BB7B-6B63853A8FCF}.Debug|x86.Build.0 = Debug|Win32
		{4536A998-B13F-4C33-BB7B-6B63853A8FCF}.Release|x64.ActiveCfg = Release|x64
		{4536A998-B13F-4C33-BB7B-6B63853A8FCF}.Release|x64.Build.0 = Release|x64
		{4536A998-B13F-4C33-BB7B-6B63853A8FCF}.Release|x86.ActiveCfg = Release|Win32
		{4536A998-B13F-4C33-BB7B-6B63853A8FCF}.Release|x86.Build.0 = Release|Win32
		{71BE8D06-7F0F-43B2-96A2-A6E8E8A13574}.Debug|x64.ActiveCfg = Debug|x64
		{71BE8D06-7F0F-43B2-96A2-A6E8E8A13574}.Debug|x64.Build.0 = Debug|x64
		{71BE8D06-7F0F-43B2-96A2-A6E8E8A13574}.Debug|x86.ActiveCfg = Debug|Win32
		{71BE8D06-7F0F-43B2-96A2-A6E8E8A13574}.Debug|x86.Build.0 = Debug|Win32
		{71BE8D06-7F0F-43B2-96A2-A6E8E8A13574}.Release|x64.ActiveCfg = Release|x64
		{71BE8D06-7F0F-43B2-96A2-A6E8E8A13574}.Release|x64.Build.0 = Release|x64
		{71BE8D06-7F0F-43B2-96A2-A6E8E8A13574}.Release|x86.ActiveCfg = Release|Win32
		{71BE8D06-7F0F-43B2-96A2-A6E8E8A13574}.Release|x86.Build.0 = Release|Win32
		{F0646DB6-39E4-4A74-9E10-F64F228EA477}.Debug|x64.ActiveCfg = Debug|x64
		{F0646DB6-39E4-4A74-9E10-F64F228EA477}.Debug|x64.Build.0 = Debug|x64
		{F0646DB6-39E4-4A74-9E10-F64F228EA477}.Debug|x86.ActiveCfg = Debug|Win32
		{F0646DB6-39E4-4A74-9E10-F64F228EA477}.Debug|x86.Build.0 = Debug|Win32
		{F0646DB6-39E4-4A74-9E10-F64F228EA477}.Release|x64.ActiveCfg = Release|x64
		{F0646DB6-39E4-4A74-9E10-F64F228EA477}.Release|x64.Build.0 = Release|x64
		{F0646DB6-39E4-4A74-9E10-F64F228EA477}.Release|x86.ActiveCfg = Release|Win32
		{F0646DB6-39E4-4A74-9E10-F64F228EA477}.Release|x86.Build.0 = Release|Win32
		{D93B314C-F578-4D0C-BCAB-10BF8017EF73}.Debug|x64.ActiveCfg = Debug|x64
		{D93B314C-F578-4D0C-BCAB-10BF8017EF73}.Debug|x64.Build.0 = Debug|x64
		{D93B314C-F578-4D0C-BCAB-10BF8017EF73}.Debug|x86.ActiveCfg = Debug|Win32
		{D93B314C-F578-4D0C-BCAB-10BF8017EF73}.Debug|x86.Build.0 = Debug|Win32
		{D93B314C-F578-4D0C-BCAB-10BF8017EF73}.Release|x64.ActiveCfg = Release|x64
		{D93B314C-F578-4D0C-BCAB-10BF8017EF73}.Release|x64.Build.0 = Release|x64
		{D93B314C-F578-4D0C-BCAB-10BF8017EF73}.Release|x86.ActiveCfg = Release|Win32
		{D93B314C-F578-4D0C-BCAB-10BF8017EF73}.Release|x86.Build.0 = Release|Win32
		{7AE7215F-0144-401B-8228-05310AF701CD}.Debug|x64.ActiveCfg = Debug|x64
		{7AE7215F-0144-401B-8228-05310AF701CD}.Debug|x64.Build.0 = Debug|x64
		{7AE7215F-0144-401B-8228-05310AF701CD}.Debug|x86.ActiveCfg = Debug|Win32
		{7AE7215F-0144-401B-8228-05310AF701CD}.Debug|x86.Build.0 = Debug|Win32
		{7AE7215F-0144-401B-8228-05310AF701CD}.Release|x64.ActiveCfg = Release|x64
		{7AE7215F-0144-401B-8228-05310AF701CD}.Release|x64.Build.0 = Release|x64
		{7AE7215F-0144-401B-8228-05310AF701CD}.Release|x86.ActiveCfg = Release|Win32
		{7AE7215F-0144-401B-8228-05310AF701CD}.Release|x86.Build.0 = Release|Win32
	EndGlobalSection
	GlobalSection(SolutionProperties) = preSolution
		HideSolutionNode = FALSE
	EndGlobalSection
	GlobalSection(ExtensibilityGlobals) = postSolution
		SolutionGuid = {BA2405C8-D811-47FD-810F-1553D125C5C9}
	EndGlobalSection
EndGlobal
